
Microsoft Visual Studio Solution File, Format Version 12.00
# Visual Studio Version 16
VisualStudioVersion = 16.0.810.25
MinimumVisualStudioVersion = 10.0.40219.1
Project("{FAE04EC0-301F-11D3-BF4B-00C04F79EFBC}") = "gridcells", "gridcells.csproj", "{3E9F0605-2D49-46B6-B229-A3D89451B954}"
EndProject
Global
	GlobalSection(SolutionConfigurationPlatforms) = preSolution
		Debug|Any CPU = Debug|Any CPU
		Release|Any CPU = Release|Any CPU
	EndGlobalSection
	GlobalSection(ProjectConfigurationPlatforms) = postSolution
		{3E9F0605-2D49-46B6-B229-A3D89451B954}.Debug|Any CPU.ActiveCfg = Debug|Any CPU
		{3E9F0605-2D49-46B6-B229-A3D89451B954}.Debug|Any CPU.Build.0 = Debug|Any CPU
		{3E9F0605-2D49-46B6-B229-A3D89451B954}.Release|Any CPU.ActiveCfg = Release|Any CPU
		{3E9F0605-2D49-46B6-B229-A3D89451B954}.Release|Any CPU.Build.0 = Release|Any CPU
	EndGlobalSection
	GlobalSection(SolutionProperties) = preSolution
		HideSolutionNode = FALSE
	EndGlobalSection
	GlobalSection(ExtensibilityGlobals) = postSolution
		SolutionGuid = {90DFFF66-E9F8-4F73-A740-EEB1E2D01983}
	EndGlobalSection
EndGlobal
